
Microsoft Visual Studio Solution File, Format Version 12.00
# Visual Studio 15
VisualStudioVersion = 15.0.28307.168
MinimumVisualStudioVersion = 10.0.40219.1
Project("{FAE04EC0-301F-11D3-BF4B-00C04F79EFBC}") = "Clocks.Clients", "Clocks.Clients\Clocks.Clients\Clocks.Clients.csproj", "{D876013B-EA02-4CDB-A498-E70B0B2D4A1F}"
EndProject
Project("{FAE04EC0-301F-11D3-BF4B-00C04F79EFBC}") = "Clocks.Clients.Android", "Clocks.Clients\Clocks.Clients.Android\Clocks.Clients.Android.csproj", "{067F5821-96A9-4F0B-82D9-ADCFE504CE73}"
EndProject
Project("{FAE04EC0-301F-11D3-BF4B-00C04F79EFBC}") = "Clocks.Clients.iOS", "Clocks.Clients\Clocks.Clients.iOS\Clocks.Clients.iOS.csproj", "{12734BB2-7A17-4747-AA70-65F0254AA5B2}"
EndProject
Project("{FAE04EC0-301F-11D3-BF4B-00C04F79EFBC}") = "Clocks.Clients.UWP", "Clocks.Clients\Clocks.Clients.UWP\Clocks.Clients.UWP.csproj", "{30746454-7A7D-4C6D-AB74-207B8547A80B}"
EndProject
Global
	GlobalSection(SolutionConfigurationPlatforms) = preSolution
		Ad-Hoc|Any CPU = Ad-Hoc|Any CPU
		Ad-Hoc|ARM = Ad-Hoc|ARM
		Ad-Hoc|iPhone = Ad-Hoc|iPhone
		Ad-Hoc|iPhoneSimulator = Ad-Hoc|iPhoneSimulator
		Ad-Hoc|x64 = Ad-Hoc|x64
		Ad-Hoc|x86 = Ad-Hoc|x86
		AppStore|Any CPU = AppStore|Any CPU
		AppStore|ARM = AppStore|ARM
		AppStore|iPhone = AppStore|iPhone
		AppStore|iPhoneSimulator = AppStore|iPhoneSimulator
		AppStore|x64 = AppStore|x64
		AppStore|x86 = AppStore|x86
		Debug|Any CPU = Debug|Any CPU
		Debug|ARM = Debug|ARM
		Debug|iPhone = Debug|iPhone
		Debug|iPhoneSimulator = Debug|iPhoneSimulator
		Debug|x64 = Debug|x64
		Debug|x86 = Debug|x86
		Release|Any CPU = Release|Any CPU
		Release|ARM = Release|ARM
		Release|iPhone = Release|iPhone
		Release|iPhoneSimulator = Release|iPhoneSimulator
		Release|x64 = Release|x64
		Release|x86 = Release|x86
	EndGlobalSection
	GlobalSection(ProjectConfigurationPlatforms) = postSolution
		{D876013B-EA02-4CDB-A498-E70B0B2D4A1F}.Ad-Hoc|Any CPU.ActiveCfg = Debug|Any CPU
		{D876013B-EA02-4CDB-A498-E70B0B2D4A1F}.Ad-Hoc|Any CPU.Build.0 = Debug|Any CPU
		{D876013B-EA02-4CDB-A498-E70B0B2D4A1F}.Ad-Hoc|ARM.ActiveCfg = Debug|Any CPU
		{D876013B-EA02-4CDB-A498-E70B0B2D4A1F}.Ad-Hoc|ARM.Build.0 = Debug|Any CPU
		{D876013B-EA02-4CDB-A498-E70B0B2D4A1F}.Ad-Hoc|iPhone.ActiveCfg = Debug|Any CPU
		{D876013B-EA02-4CDB-A498-E70B0B2D4A1F}.Ad-Hoc|iPhone.Build.0 = Debug|Any CPU
		{D876013B-EA02-4CDB-A498-E70B0B2D4A1F}.Ad-Hoc|iPhoneSimulator.ActiveCfg = Debug|Any CPU
		{D876013B-EA02-4CDB-A498-E70B0B2D4A1F}.Ad-Hoc|iPhoneSimulator.Build.0 = Debug|Any CPU
		{D876013B-EA02-4CDB-A498-E70B0B2D4A1F}.Ad-Hoc|x64.ActiveCfg = Debug|Any CPU
		{D876013B-EA02-4CDB-A498-E70B0B2D4A1F}.Ad-Hoc|x64.Build.0 = Debug|Any CPU
		{D876013B-EA02-4CDB-A498-E70B0B2D4A1F}.Ad-Hoc|x86.ActiveCfg = Debug|Any CPU
		{D876013B-EA02-4CDB-A498-E70B0B2D4A1F}.Ad-Hoc|x86.Build.0 = Debug|Any CPU
		{D876013B-EA02-4CDB-A498-E70B0B2D4A1F}.AppStore|Any CPU.ActiveCfg = Debug|Any CPU
		{D876013B-EA02-4CDB-A498-E70B0B2D4A1F}.AppStore|Any CPU.Build.0 = Debug|Any CPU
		{D876013B-EA02-4CDB-A498-E70B0B2D4A1F}.AppStore|ARM.ActiveCfg = Debug|Any CPU
		{D876013B-EA02-4CDB-A498-E70B0B2D4A1F}.AppStore|ARM.Build.0 = Debug|Any CPU
		{D876013B-EA02-4CDB-A498-E70B0B2D4A1F}.AppStore|iPhone.ActiveCfg = Debug|Any CPU
		{D876013B-EA02-4CDB-A498-E70B0B2D4A1F}.AppStore|iPhone.Build.0 = Debug|Any CPU
		{D876013B-EA02-4CDB-A498-E70B0B2D4A1F}.AppStore|iPhoneSimulator.ActiveCfg = Debug|Any CPU
		{D876013B-EA02-4CDB-A498-E70B0B2D4A1F}.AppStore|iPhoneSimulator.Build.0 = Debug|Any CPU
		{D876013B-EA02-4CDB-A498-E70B0B2D4A1F}.AppStore|x64.ActiveCfg = Debug|Any CPU
		{D876013B-EA02-4CDB-A498-E70B0B2D4A1F}.AppStore|x64.Build.0 = Debug|Any CPU
		{D876013B-EA02-4CDB-A498-E70B0B2D4A1F}.AppStore|x86.ActiveCfg = Debug|Any CPU
		{D876013B-EA02-4CDB-A498-E70B0B2D4A1F}.AppStore|x86.Build.0 = Debug|Any CPU
		{D876013B-EA02-4CDB-A498-E70B0B2D4A1F}.Debug|Any CPU.ActiveCfg = Debug|Any CPU
		{D876013B-EA02-4CDB-A498-E70B0B2D4A1F}.Debug|Any CPU.Build.0 = Debug|Any CPU
		{D876013B-EA02-4CDB-A498-E70B0B2D4A1F}.Debug|ARM.ActiveCfg = Debug|Any CPU
		{D876013B-EA02-4CDB-A498-E70B0B2D4A1F}.Debug|ARM.Build.0 = Debug|Any CPU
		{D876013B-EA02-4CDB-A498-E70B0B2D4A1F}.Debug|iPhone.ActiveCfg = Debug|Any CPU
		{D876013B-EA02-4CDB-A498-E70B0B2D4A1F}.Debug|iPhone.Build.0 = Debug|Any CPU
		{D876013B-EA02-4CDB-A498-E70B0B2D4A1F}.Debug|iPhoneSimulator.ActiveCfg = Debug|Any CPU
		{D876013B-EA02-4CDB-A498-E70B0B2D4A1F}.Debug|iPhoneSimulator.Build.0 = Debug|Any CPU
		{D876013B-EA02-4CDB-A498-E70B0B2D4A1F}.Debug|x64.ActiveCfg = Debug|Any CPU
		{D876013B-EA02-4CDB-A498-E70B0B2D4A1F}.Debug|x64.Build.0 = Debug|Any CPU
		{D876013B-EA02-4CDB-A498-E70B0B2D4A1F}.Debug|x86.ActiveCfg = Debug|Any CPU
		{D876013B-EA02-4CDB-A498-E70B0B2D4A1F}.Debug|x86.Build.0 = Debug|Any CPU
		{D876013B-EA02-4CDB-A498-E70B0B2D4A1F}.Release|Any CPU.ActiveCfg = Release|Any CPU
		{D876013B-EA02-4CDB-A498-E70B0B2D4A1F}.Release|Any CPU.Build.0 = Release|Any CPU
		{D876013B-EA02-4CDB-A498-E70B0B2D4A1F}.Release|ARM.ActiveCfg = Release|Any CPU
		{D876013B-EA02-4CDB-A498-E70B0B2D4A1F}.Release|ARM.Build.0 = Release|Any CPU
		{D876013B-EA02-4CDB-A498-E70B0B2D4A1F}.Release|iPhone.ActiveCfg = Release|Any CPU
		{D876013B-EA02-4CDB-A498-E70B0B2D4A1F}.Release|iPhone.Build.0 = Release|Any CPU
		{D876013B-EA02-4CDB-A498-E70B0B2D4A1F}.Release|iPhoneSimulator.ActiveCfg = Release|Any CPU
		{D876013B-EA02-4CDB-A498-E70B0B2D4A1F}.Release|iPhoneSimulator.Build.0 = Release|Any CPU
		{D876013B-EA02-4CDB-A498-E70B0B2D4A1F}.Release|x64.ActiveCfg = Release|Any CPU
		{D876013B-EA02-4CDB-A498-E70B0B2D4A1F}.Release|x64.Build.0 = Release|Any CPU
		{D876013B-EA02-4CDB-A498-E70B0B2D4A1F}.Release|x86.ActiveCfg = Release|Any CPU
		{D876013B-EA02-4CDB-A498-E70B0B2D4A1F}.Release|x86.Build.0 = Release|Any CPU
		{067F5821-96A9-4F0B-82D9-ADCFE504CE73}.Ad-Hoc|Any CPU.ActiveCfg = Release|Any CPU
		{067F5821-96A9-4F0B-82D9-ADCFE504CE73}.Ad-Hoc|Any CPU.Build.0 = Release|Any CPU
		{067F5821-96A9-4F0B-82D9-ADCFE504CE73}.Ad-Hoc|Any CPU.Deploy.0 = Release|Any CPU
		{067F5821-96A9-4F0B-82D9-ADCFE504CE73}.Ad-Hoc|ARM.ActiveCfg = Release|Any CPU
		{067F5821-96A9-4F0B-82D9-ADCFE504CE73}.Ad-Hoc|ARM.Build.0 = Release|Any CPU
		{067F5821-96A9-4F0B-82D9-ADCFE504CE73}.Ad-Hoc|ARM.Deploy.0 = Release|Any CPU
		{067F5821-96A9-4F0B-82D9-ADCFE504CE73}.Ad-Hoc|iPhone.ActiveCfg = Release|Any CPU
		{067F5821-96A9-4F0B-82D9-ADCFE504CE73}.Ad-Hoc|iPhone.Build.0 = Release|Any CPU
		{067F5821-96A9-4F0B-82D9-ADCFE504CE73}.Ad-Hoc|iPhone.Deploy.0 = Release|Any CPU
		{067F5821-96A9-4F0B-82D9-ADCFE504CE73}.Ad-Hoc|iPhoneSimulator.ActiveCfg = Release|Any CPU
		{067F5821-96A9-4F0B-82D9-ADCFE504CE73}.Ad-Hoc|iPhoneSimulator.Build.0 = Release|Any CPU
		{067F5821-96A9-4F0B-82D9-ADCFE504CE73}.Ad-Hoc|iPhoneSimulator.Deploy.0 = Release|Any CPU
		{067F5821-96A9-4F0B-82D9-ADCFE504CE73}.Ad-Hoc|x64.ActiveCfg = Release|Any CPU
		{067F5821-96A9-4F0B-82D9-ADCFE504CE73}.Ad-Hoc|x64.Build.0 = Release|Any CPU
		{067F5821-96A9-4F0B-82D9-ADCFE504CE73}.Ad-Hoc|x64.Deploy.0 = Release|Any CPU
		{067F5821-96A9-4F0B-82D9-ADCFE504CE73}.Ad-Hoc|x86.ActiveCfg = Release|Any CPU
		{067F5821-96A9-4F0B-82D9-ADCFE504CE73}.Ad-Hoc|x86.Build.0 = Release|Any CPU
		{067F5821-96A9-4F0B-82D9-ADCFE504CE73}.Ad-Hoc|x86.Deploy.0 = Release|Any CPU
		{067F5821-96A9-4F0B-82D9-ADCFE504CE73}.AppStore|Any CPU.ActiveCfg = Release|Any CPU
		{067F5821-96A9-4F0B-82D9-ADCFE504CE73}.AppStore|Any CPU.Build.0 = Release|Any CPU
		{067F5821-96A9-4F0B-82D9-ADCFE504CE73}.AppStore|Any CPU.Deploy.0 = Release|Any CPU
		{067F5821-96A9-4F0B-82D9-ADCFE504CE73}.AppStore|ARM.ActiveCfg = Release|Any CPU
		{067F5821-96A9-4F0B-82D9-ADCFE504CE73}.AppStore|ARM.Build.0 = Release|Any CPU
		{067F5821-96A9-4F0B-82D9-ADCFE504CE73}.AppStore|ARM.Deploy.0 = Release|Any CPU
		{067F5821-96A9-4F0B-82D9-ADCFE504CE73}.AppStore|iPhone.ActiveCfg = Release|Any CPU
		{067F5821-96A9-4F0B-82D9-ADCFE504CE73}.AppStore|iPhone.Build.0 = Release|Any CPU
		{067F5821-96A9-4F0B-82D9-ADCFE504CE73}.AppStore|iPhone.Deploy.0 = Release|Any CPU
		{067F5821-96A9-4F0B-82D9-ADCFE504CE73}.AppStore|iPhoneSimulator.ActiveCfg = Release|Any CPU
		{067F5821-96A9-4F0B-82D9-ADCFE504CE73}.AppStore|iPhoneSimulator.Build.0 = Release|Any CPU
		{067F5821-96A9-4F0B-82D9-ADCFE504CE73}.AppStore|iPhoneSimulator.Deploy.0 = Release|Any CPU
		{067F5821-96A9-4F0B-82D9-ADCFE504CE73}.AppStore|x64.ActiveCfg = Release|Any CPU
		{067F5821-96A9-4F0B-82D9-ADCFE504CE73}.AppStore|x64.Build.0 = Release|Any CPU
		{067F5821-96A9-4F0B-82D9-ADCFE504CE73}.AppStore|x64.Deploy.0 = Release|Any CPU
		{067F5821-96A9-4F0B-82D9-ADCFE504CE73}.AppStore|x86.ActiveCfg = Release|Any CPU
		{067F5821-96A9-4F0B-82D9-ADCFE504CE73}.AppStore|x86.Build.0 = Release|Any CPU
		{067F5821-96A9-4F0B-82D9-ADCFE504CE73}.AppStore|x86.Deploy.0 = Release|Any CPU
		{067F5821-96A9-4F0B-82D9-ADCFE504CE73}.Debug|Any CPU.ActiveCfg = Debug|Any CPU
		{067F5821-96A9-4F0B-82D9-ADCFE504CE73}.Debug|Any CPU.Build.0 = Debug|Any CPU
		{067F5821-96A9-4F0B-82D9-ADCFE504CE73}.Debug|Any CPU.Deploy.0 = Debug|Any CPU
		{067F5821-96A9-4F0B-82D9-ADCFE504CE73}.Debug|ARM.ActiveCfg = Debug|Any CPU
		{067F5821-96A9-4F0B-82D9-ADCFE504CE73}.Debug|ARM.Build.0 = Debug|Any CPU
		{067F5821-96A9-4F0B-82D9-ADCFE504CE73}.Debug|ARM.Deploy.0 = Debug|Any CPU
		{067F5821-96A9-4F0B-82D9-ADCFE504CE73}.Debug|iPhone.ActiveCfg = Debug|Any CPU
		{067F5821-96A9-4F0B-82D9-ADCFE504CE73}.Debug|iPhone.Build.0 = Debug|Any CPU
		{067F5821-96A9-4F0B-82D9-ADCFE504CE73}.Debug|iPhone.Deploy.0 = Debug|Any CPU
		{067F5821-96A9-4F0B-82D9-ADCFE504CE73}.Debug|iPhoneSimulator.ActiveCfg = Debug|Any CPU
		{067F5821-96A9-4F0B-82D9-ADCFE504CE73}.Debug|iPhoneSimulator.Build.0 = Debug|Any CPU
		{067F5821-96A9-4F0B-82D9-ADCFE504CE73}.Debug|iPhoneSimulator.Deploy.0 = Debug|Any CPU
		{067F5821-96A9-4F0B-82D9-ADCFE504CE73}.Debug|x64.ActiveCfg = Debug|Any CPU
		{067F5821-96A9-4F0B-82D9-ADCFE504CE73}.Debug|x64.Build.0 = Debug|Any CPU
		{067F5821-96A9-4F0B-82D9-ADCFE504CE73}.Debug|x64.Deploy.0 = Debug|Any CPU
		{067F5821-96A9-4F0B-82D9-ADCFE504CE73}.Debug|x86.ActiveCfg = Debug|Any CPU
		{067F5821-96A9-4F0B-82D9-ADCFE504CE73}.Debug|x86.Build.0 = Debug|Any CPU
		{067F5821-96A9-4F0B-82D9-ADCFE504CE73}.Debug|x86.Deploy.0 = Debug|Any CPU
		{067F5821-96A9-4F0B-82D9-ADCFE504CE73}.Release|Any CPU.ActiveCfg = Release|Any CPU
		{067F5821-96A9-4F0B-82D9-ADCFE504CE73}.Release|Any CPU.Build.0 = Release|Any CPU
		{067F5821-96A9-4F0B-82D9-ADCFE504CE73}.Release|Any CPU.Deploy.0 = Release|Any CPU
		{067F5821-96A9-4F0B-82D9-ADCFE504CE73}.Release|ARM.ActiveCfg = Release|Any CPU
		{067F5821-96A9-4F0B-82D9-ADCFE504CE73}.Release|ARM.Build.0 = Release|Any CPU
		{067F5821-96A9-4F0B-82D9-ADCFE504CE73}.Release|ARM.Deploy.0 = Release|Any CPU
		{067F5821-96A9-4F0B-82D9-ADCFE504CE73}.Release|iPhone.ActiveCfg = Release|Any CPU
		{067F5821-96A9-4F0B-82D9-ADCFE504CE73}.Release|iPhone.Build.0 = Release|Any CPU
		{067F5821-96A9-4F0B-82D9-ADCFE504CE73}.Release|iPhone.Deploy.0 = Release|Any CPU
		{067F5821-96A9-4F0B-82D9-ADCFE504CE73}.Release|iPhoneSimulator.ActiveCfg = Release|Any CPU
		{067F5821-96A9-4F0B-82D9-ADCFE504CE73}.Release|iPhoneSimulator.Build.0 = Release|Any CPU
		{067F5821-96A9-4F0B-82D9-ADCFE504CE73}.Release|iPhoneSimulator.Deploy.0 = Release|Any CPU
		{067F5821-96A9-4F0B-82D9-ADCFE504CE73}.Release|x64.ActiveCfg = Release|Any CPU
		{067F5821-96A9-4F0B-82D9-ADCFE504CE73}.Release|x64.Build.0 = Release|Any CPU
		{067F5821-96A9-4F0B-82D9-ADCFE504CE73}.Release|x64.Deploy.0 = Release|Any CPU
		{067F5821-96A9-4F0B-82D9-ADCFE504CE73}.Release|x86.ActiveCfg = Release|Any CPU
		{067F5821-96A9-4F0B-82D9-ADCFE504CE73}.Release|x86.Build.0 = Release|Any CPU
		{067F5821-96A9-4F0B-82D9-ADCFE504CE73}.Release|x86.Deploy.0 = Release|Any CPU
		{12734BB2-7A17-4747-AA70-65F0254AA5B2}.Ad-Hoc|Any CPU.ActiveCfg = Ad-Hoc|iPhone
		{12734BB2-7A17-4747-AA70-65F0254AA5B2}.Ad-Hoc|ARM.ActiveCfg = Ad-Hoc|iPhone
		{12734BB2-7A17-4747-AA70-65F0254AA5B2}.Ad-Hoc|iPhone.ActiveCfg = Ad-Hoc|iPhone
		{12734BB2-7A17-4747-AA70-65F0254AA5B2}.Ad-Hoc|iPhone.Build.0 = Ad-Hoc|iPhone
		{12734BB2-7A17-4747-AA70-65F0254AA5B2}.Ad-Hoc|iPhoneSimulator.ActiveCfg = Ad-Hoc|iPhoneSimulator
		{12734BB2-7A17-4747-AA70-65F0254AA5B2}.Ad-Hoc|iPhoneSimulator.Build.0 = Ad-Hoc|iPhoneSimulator
		{12734BB2-7A17-4747-AA70-65F0254AA5B2}.Ad-Hoc|x64.ActiveCfg = Ad-Hoc|iPhone
		{12734BB2-7A17-4747-AA70-65F0254AA5B2}.Ad-Hoc|x86.ActiveCfg = Ad-Hoc|iPhone
		{12734BB2-7A17-4747-AA70-65F0254AA5B2}.AppStore|Any CPU.ActiveCfg = AppStore|iPhone
		{12734BB2-7A17-4747-AA70-65F0254AA5B2}.AppStore|ARM.ActiveCfg = AppStore|iPhone
		{12734BB2-7A17-4747-AA70-65F0254AA5B2}.AppStore|iPhone.ActiveCfg = AppStore|iPhone
		{12734BB2-7A17-4747-AA70-65F0254AA5B2}.AppStore|iPhone.Build.0 = AppStore|iPhone
		{12734BB2-7A17-4747-AA70-65F0254AA5B2}.AppStore|iPhoneSimulator.ActiveCfg = AppStore|iPhoneSimulator
		{12734BB2-7A17-4747-AA70-65F0254AA5B2}.AppStore|iPhoneSimulator.Build.0 = AppStore|iPhoneSimulator
		{12734BB2-7A17-4747-AA70-65F0254AA5B2}.AppStore|x64.ActiveCfg = AppStore|iPhone
		{12734BB2-7A17-4747-AA70-65F0254AA5B2}.AppStore|x86.ActiveCfg = AppStore|iPhone
		{12734BB2-7A17-4747-AA70-65F0254AA5B2}.Debug|Any CPU.ActiveCfg = Debug|iPhone
		{12734BB2-7A17-4747-AA70-65F0254AA5B2}.Debug|ARM.ActiveCfg = Debug|iPhone
		{12734BB2-7A17-4747-AA70-65F0254AA5B2}.Debug|iPhone.ActiveCfg = Debug|iPhone
		{12734BB2-7A17-4747-AA70-65F0254AA5B2}.Debug|iPhone.Build.0 = Debug|iPhone
		{12734BB2-7A17-4747-AA70-65F0254AA5B2}.Debug|iPhoneSimulator.ActiveCfg = Debug|iPhoneSimulator
		{12734BB2-7A17-4747-AA70-65F0254AA5B2}.Debug|iPhoneSimulator.Build.0 = Debug|iPhoneSimulator
		{12734BB2-7A17-4747-AA70-65F0254AA5B2}.Debug|x64.ActiveCfg = Debug|iPhone
		{12734BB2-7A17-4747-AA70-65F0254AA5B2}.Debug|x86.ActiveCfg = Debug|iPhone
		{12734BB2-7A17-4747-AA70-65F0254AA5B2}.Release|Any CPU.ActiveCfg = Release|iPhone
		{12734BB2-7A17-4747-AA70-65F0254AA5B2}.Release|ARM.ActiveCfg = Release|iPhone
		{12734BB2-7A17-4747-AA70-65F0254AA5B2}.Release|iPhone.ActiveCfg = Release|iPhone
		{12734BB2-7A17-4747-AA70-65F0254AA5B2}.Release|iPhone.Build.0 = Release|iPhone
		{12734BB2-7A17-4747-AA70-65F0254AA5B2}.Release|iPhoneSimulator.ActiveCfg = Release|iPhoneSimulator
		{12734BB2-7A17-4747-AA70-65F0254AA5B2}.Release|iPhoneSimulator.Build.0 = Release|iPhoneSimulator
		{12734BB2-7A17-4747-AA70-65F0254AA5B2}.Release|x64.ActiveCfg = Release|iPhone
		{12734BB2-7A17-4747-AA70-65F0254AA5B2}.Release|x86.ActiveCfg = Release|iPhone
		{30746454-7A7D-4C6D-AB74-207B8547A80B}.Ad-Hoc|Any CPU.ActiveCfg = Release|x86
		{30746454-7A7D-4C6D-AB74-207B8547A80B}.Ad-Hoc|Any CPU.Build.0 = Release|x86
		{30746454-7A7D-4C6D-AB74-207B8547A80B}.Ad-Hoc|Any CPU.Deploy.0 = Release|x86
		{30746454-7A7D-4C6D-AB74-207B8547A80B}.Ad-Hoc|ARM.ActiveCfg = Release|ARM
		{30746454-7A7D-4C6D-AB74-207B8547A80B}.Ad-Hoc|ARM.Build.0 = Release|ARM
		{30746454-7A7D-4C6D-AB74-207B8547A80B}.Ad-Hoc|ARM.Deploy.0 = Release|ARM
		{30746454-7A7D-4C6D-AB74-207B8547A80B}.Ad-Hoc|iPhone.ActiveCfg = Release|x86
		{30746454-7A7D-4C6D-AB74-207B8547A80B}.Ad-Hoc|iPhone.Build.0 = Release|x86
		{30746454-7A7D-4C6D-AB74-207B8547A80B}.Ad-Hoc|iPhone.Deploy.0 = Release|x86
		{30746454-7A7D-4C6D-AB74-207B8547A80B}.Ad-Hoc|iPhoneSimulator.ActiveCfg = Release|x86
		{30746454-7A7D-4C6D-AB74-207B8547A80B}.Ad-Hoc|iPhoneSimulator.Build.0 = Release|x86
		{30746454-7A7D-4C6D-AB74-207B8547A80B}.Ad-Hoc|iPhoneSimulator.Deploy.0 = Release|x86
		{30746454-7A7D-4C6D-AB74-207B8547A80B}.Ad-Hoc|x64.ActiveCfg = Release|x64
		{30746454-7A7D-4C6D-AB74-207B8547A80B}.Ad-Hoc|x64.Build.0 = Release|x64
		{30746454-7A7D-4C6D-AB74-207B8547A80B}.Ad-Hoc|x64.Deploy.0 = Release|x64
		{30746454-7A7D-4C6D-AB74-207B8547A80B}.Ad-Hoc|x86.ActiveCfg = Release|x86
		{30746454-7A7D-4C6D-AB74-207B8547A80B}.Ad-Hoc|x86.Build.0 = Release|x86
		{30746454-7A7D-4C6D-AB74-207B8547A80B}.Ad-Hoc|x86.Deploy.0 = Release|x86
		{30746454-7A7D-4C6D-AB74-207B8547A80B}.AppStore|Any CPU.ActiveCfg = Release|x86
		{30746454-7A7D-4C6D-AB74-207B8547A80B}.AppStore|Any CPU.Build.0 = Release|x86
		{30746454-7A7D-4C6D-AB74-207B8547A80B}.AppStore|Any CPU.Deploy.0 = Release|x86
		{30746454-7A7D-4C6D-AB74-207B8547A80B}.AppStore|ARM.ActiveCfg = Release|ARM
		{30746454-7A7D-4C6D-AB74-207B8547A80B}.AppStore|ARM.Build.0 = Release|ARM
		{30746454-7A7D-4C6D-AB74-207B8547A80B}.AppStore|ARM.Deploy.0 = Release|ARM
		{30746454-7A7D-4C6D-AB74-207B8547A80B}.AppStore|iPhone.ActiveCfg = Release|x86
		{30746454-7A7D-4C6D-AB74-207B8547A80B}.AppStore|iPhone.Build.0 = Release|x86
		{30746454-7A7D-4C6D-AB74-207B8547A80B}.AppStore|iPhone.Deploy.0 = Release|x86
		{30746454-7A7D-4C6D-AB74-207B8547A80B}.AppStore|iPhoneSimulator.ActiveCfg = Release|x86
		{30746454-7A7D-4C6D-AB74-207B8547A80B}.AppStore|iPhoneSimulator.Build.0 = Release|x86
		{30746454-7A7D-4C6D-AB74-207B8547A80B}.AppStore|iPhoneSimulator.Deploy.0 = Release|x86
		{30746454-7A7D-4C6D-AB74-207B8547A80B}.AppStore|x64.ActiveCfg = Release|x64
		{30746454-7A7D-4C6D-AB74-207B8547A80B}.AppStore|x64.Build.0 = Release|x64
		{30746454-7A7D-4C6D-AB74-207B8547A80B}.AppStore|x64.Deploy.0 = Release|x64
		{30746454-7A7D-4C6D-AB74-207B8547A80B}.AppStore|x86.ActiveCfg = Release|x86
		{30746454-7A7D-4C6D-AB74-207B8547A80B}.AppStore|x86.Build.0 = Release|x86
		{30746454-7A7D-4C6D-AB74-207B8547A80B}.AppStore|x86.Deploy.0 = Release|x86
		{30746454-7A7D-4C6D-AB74-207B8547A80B}.Debug|Any CPU.ActiveCfg = Debug|x86
		{30746454-7A7D-4C6D-AB74-207B8547A80B}.Debug|ARM.ActiveCfg = Debug|ARM
		{30746454-7A7D-4C6D-AB74-207B8547A80B}.Debug|ARM.Build.0 = Debug|ARM
		{30746454-7A7D-4C6D-AB74-207B8547A80B}.Debug|ARM.Deploy.0 = Debug|ARM
		{30746454-7A7D-4C6D-AB74-207B8547A80B}.Debug|iPhone.ActiveCfg = Debug|x86
		{30746454-7A7D-4C6D-AB74-207B8547A80B}.Debug|iPhoneSimulator.ActiveCfg = Debug|x86
		{30746454-7A7D-4C6D-AB74-207B8547A80B}.Debug|x64.ActiveCfg = Debug|x64
		{30746454-7A7D-4C6D-AB74-207B8547A80B}.Debug|x64.Build.0 = Debug|x64
		{30746454-7A7D-4C6D-AB74-207B8547A80B}.Debug|x64.Deploy.0 = Debug|x64
		{30746454-7A7D-4C6D-AB74-207B8547A80B}.Debug|x86.ActiveCfg = Debug|x86
		{30746454-7A7D-4C6D-AB74-207B8547A80B}.Debug|x86.Build.0 = Debug|x86
		{30746454-7A7D-4C6D-AB74-207B8547A80B}.Debug|x86.Deploy.0 = Debug|x86
		{30746454-7A7D-4C6D-AB74-207B8547A80B}.Release|Any CPU.ActiveCfg = Release|x86
		{30746454-7A7D-4C6D-AB74-207B8547A80B}.Release|ARM.ActiveCfg = Release|ARM
		{30746454-7A7D-4C6D-AB74-207B8547A80B}.Release|ARM.Build.0 = Release|ARM
		{30746454-7A7D-4C6D-AB74-207B8547A80B}.Release|ARM.Deploy.0 = Release|ARM
		{30746454-7A7D-4C6D-AB74-207B8547A80B}.Release|iPhone.ActiveCfg = Release|x86
		{30746454-7A7D-4C6D-AB74-207B8547A80B}.Release|iPhoneSimulator.ActiveCfg = Release|x86
		{30746454-7A7D-4C6D-AB74-207B8547A80B}.Release|x64.ActiveCfg = Release|x64
		{30746454-7A7D-4C6D-AB74-207B8547A80B}.Release|x64.Build.0 = Release|x64
		{30746454-7A7D-4C6D-AB74-207B8547A80B}.Release|x64.Deploy.0 = Release|x64
		{30746454-7A7D-4C6D-AB74-207B8547A80B}.Release|x86.ActiveCfg = Release|x86
		{30746454-7A7D-4C6D-AB74-207B8547A80B}.Release|x86.Build.0 = Release|x86
		{30746454-7A7D-4C6D-AB74-207B8547A80B}.Release|x86.Deploy.0 = Release|x86
	EndGlobalSection
	GlobalSection(SolutionProperties) = preSolution
		HideSolutionNode = FALSE
	EndGlobalSection
	GlobalSection(ExtensibilityGlobals) = postSolution
		SolutionGuid = {44BC0DFD-8333-43DC-A4ED-0F41EFE2F946}
	EndGlobalSection
EndGlobal
